{
  "version": 1,
  "dependencies": {
    "net10.0": {
      "coverlet.collector": {
        "type": "Direct",
        "requested": "[6.0.4, )",
        "resolved": "6.0.4",
        "contentHash": "lkhqpF8Pu2Y7IiN7OntbsTtdbpR1syMsm2F3IgX6ootA4ffRqWL5jF7XipHuZQTdVuWG/gVAAcf8mjk8Tz0xPg=="
      },
      "coverlet.msbuild": {
        "type": "Direct",
        "requested": "[6.0.4, )",
        "resolved": "6.0.4",
        "contentHash": "Qa7Hg+wrOMDKpXVn2dw4Wlun490bIWsFW0fdNJQFJLZnbU27MCP0HJ2mPgS+3EQBQUb0zKlkwiQzP+j38Hc3Iw=="
      },
      "FluentAssertions": {
        "type": "Direct",
        "requested": "[6.12.0, )",
        "resolved": "6.12.0",
        "contentHash": "ZXhHT2YwP9lajrwSKbLlFqsmCCvFJMoRSK9t7sImfnCyd0OB3MhgxdoMcVqxbq1iyxD6mD2fiackWmBb7ayiXQ==",
        "dependencies": {
          "System.Configuration.ConfigurationManager": "4.4.0"
        }
      },
      "ILogger.Moq": {
        "type": "Direct",
        "requested": "[2.0.0, )",
        "resolved": "2.0.0",
        "contentHash": "GY6xsOTwcxJY/PxK3blmX7OP+pnFmO/ngLQOy8NXn09+di1By9IVKyexvP6QlHL3c1rr0IH9lz/SZVZup2BjAQ==",
        "dependencies": {
          "Microsoft.Extensions.Logging.Abstractions": "2.0.0",
          "Moq": "4.18.0"
        }
      },
      "Microsoft.Extensions.Caching.Memory": {
        "type": "Direct",
        "requested": "[10.0.0, )",
        "resolved": "10.0.0",
        "contentHash": "krK19MKp0BNiR9rpBDW7PKSrTMLVlifS9am3CVc4O1Jq6GWz0o4F+sw5OSL4L3mVd56W8l6JRgghUa2KB51vOw==",
        "dependencies": {
          "Microsoft.Extensions.Caching.Abstractions": "10.0.0",
          "Microsoft.Extensions.DependencyInjection.Abstractions": "10.0.0",
          "Microsoft.Extensions.Logging.Abstractions": "10.0.0",
          "Microsoft.Extensions.Options": "10.0.0",
          "Microsoft.Extensions.Primitives": "10.0.0"
        }
      },
      "Microsoft.NET.Test.Sdk": {
        "type": "Direct",
        "requested": "[17.14.1, )",
        "resolved": "17.14.1",
        "contentHash": "HJKqKOE+vshXra2aEHpi2TlxYX7Z9VFYkr+E5rwEvHC8eIXiyO+K9kNm8vmNom3e2rA56WqxU+/N9NJlLGXsJQ==",
        "dependencies": {
          "Microsoft.CodeCoverage": "17.14.1",
          "Microsoft.TestPlatform.TestHost": "17.14.1"
        }
      },
      "Moq": {
        "type": "Direct",
        "requested": "[4.20.72, )",
        "resolved": "4.20.72",
        "contentHash": "EA55cjyNn8eTNWrgrdZJH5QLFp2L43oxl1tlkoYUKIE9pRwL784OWiTXeCV5ApS+AMYEAlt7Fo03A2XfouvHmQ==",
        "dependencies": {
          "Castle.Core": "5.1.1"
        }
      },
      "MSTest.TestAdapter": {
        "type": "Direct",
        "requested": "[3.10.4, )",
        "resolved": "3.10.4",
        "contentHash": "Gnoegnprezaqlx+X0T+bkOJsVzS9kKerfIeiLrw0nEEtu3tvT5hoEnv4uCqy+OfV3EdLqk1aJyNI3S30RbGXgw==",
        "dependencies": {
          "Microsoft.Testing.Extensions.VSTestBridge": "1.8.4",
          "Microsoft.Testing.Platform.MSBuild": "1.8.4"
        }
      },
      "MSTest.TestFramework": {
        "type": "Direct",
        "requested": "[3.10.4, )",
        "resolved": "3.10.4",
        "contentHash": "i6P4/1d2Nc4O5eOcTfvjqc/psgNNuyfMPNNU3cTvQe56bznykTZ1X88eB8JmYa+V3UiTTBKXyDP9yUb8oezLoQ==",
        "dependencies": {
          "MSTest.Analyzers": "3.10.4"
        }
      },
      "NSubstitute": {
        "type": "Direct",
        "requested": "[5.3.0, )",
        "resolved": "5.3.0",
        "contentHash": "lJ47Cps5Qzr86N99lcwd+OUvQma7+fBgr8+Mn+aOC0WrlqMNkdivaYD9IvnZ5Mqo6Ky3LS7ZI+tUq1/s9ERd0Q==",
        "dependencies": {
          "Castle.Core": "5.1.1"
        }
      },
      "StyleCop.Analyzers": {
        "type": "Direct",
        "requested": "[1.2.0-beta.435, )",
        "resolved": "1.2.0-beta.435",
        "contentHash": "TADk7vdGXtfTnYCV7GyleaaRTQjfoSfZXprQrVMm7cSJtJbFc1QIbWPyLvrgrfGdfHbGmUPvaN4ODKNxg2jgPQ==",
        "dependencies": {
          "StyleCop.Analyzers.Unstable": "1.2.0.435"
        }
      },
      "Asp.Versioning.Abstractions": {
        "type": "Transitive",
        "resolved": "8.1.0",
        "contentHash": "mpeNZyMdvrHztJwR1sXIUQ+3iioEU97YMBnFA9WLbsPOYhGwDJnqJMmEd8ny7kcmS9OjTHoEuX/bSXXY3brIFA==",
        "dependencies": {
          "Microsoft.Extensions.Primitives": "8.0.0"
        }
      },
      "Asp.Versioning.Http": {
        "type": "Transitive",
        "resolved": "8.1.0",
        "contentHash": "Xu4xF62Cu9JqYi/CTa2TiK5kyHoa4EluPynj/bPFWDmlTIPzuJQbBI5RgFYVRFHjFVvWMoA77acRaFu7i7Wzqg==",
        "dependencies": {
          "Asp.Versioning.Abstractions": "8.1.0"
        }
      },
      "Asp.Versioning.Mvc": {
        "type": "Transitive",
        "resolved": "8.1.0",
        "contentHash": "BMAJM2sGsTUw5FQ9upKQt6GFoldWksePgGpYjl56WSRvIuE3UxKZh0gAL+wDTIfLshUZm97VCVxlOGyrcjWz9Q==",
        "dependencies": {
          "Asp.Versioning.Http": "8.1.0"
        }
      },
      "Azure.Core": {
        "type": "Transitive",
        "resolved": "1.46.2",
        "contentHash": "HFcvd1besmgBFPIZ7iSFHZOgzGfHTZNTzG8gWYdIP8ZJQySrb+vAdArcmFw7je3kFRMDbbtMoWKNVGj2vvH1sw==",
        "dependencies": {
          "Microsoft.Bcl.AsyncInterfaces": "8.0.0",
          "System.ClientModel": "1.4.2",
          "System.Memory.Data": "6.0.1"
        }
      },
      "Azure.Core.Amqp": {
        "type": "Transitive",
        "resolved": "1.3.1",
        "contentHash": "AY1ZM4WwLBb9L2WwQoWs7wS2XKYg83tp3yVVdgySdebGN0FuIszuEqCy3Nhv6qHpbkjx/NGuOTsUbF/oNGBgwA==",
        "dependencies": {
          "Microsoft.Azure.Amqp": "2.6.7",
          "System.Memory.Data": "1.0.2"
        }
      },
      "Azure.Identity": {
        "type": "Transitive",
        "resolved": "1.13.1",
        "contentHash": "4eeK9XztjTmvA4WN+qAvlUCSxSv45+LqTMeC8XT2giGGZHKthTMU2IuXcHjAOf5VLH3wE3Bo6EwhIcJxVB8RmQ==",
        "dependencies": {
          "Azure.Core": "1.44.1",
          "Microsoft.Identity.Client": "4.66.1",
          "Microsoft.Identity.Client.Extensions.Msal": "4.66.1"
        }
      },
      "Azure.Messaging.ServiceBus": {
        "type": "Transitive",
        "resolved": "7.20.1",
        "contentHash": "DxCkedWPQuiXrIyFcriOhsQcZmDZW+j9d55Ev4nnK3yjMUFjlVe4Hj37fuZTJlNhC3P+7EumqBTt33R6DfOxGA==",
        "dependencies": {
          "Azure.Core": "1.46.2",
          "Azure.Core.Amqp": "1.3.1",
          "Microsoft.Azure.Amqp": "2.7.0"
        }
      },
      "Azurite": {
        "type": "Transitive",
        "resolved": "2.6.5",
        "contentHash": "uxaL8MDK4RN5uTVDdvar/xiU9WVX9e0IXiHMRiL0qLAXub0Fr5C34OIBH+pQ1FZh7W9zfNP09yEuqKLHYHHwKw=="
      },
      "Castle.Core": {
        "type": "Transitive",
        "resolved": "5.1.1",
        "contentHash": "rpYtIczkzGpf+EkZgDr9CClTdemhsrwA/W5hMoPjLkRFnXzH44zDLoovXeKtmxb1ykXK9aJVODSpiJml8CTw2g==",
        "dependencies": {
          "System.Diagnostics.EventLog": "6.0.0"
        }
      },
      "Microsoft.ApplicationInsights": {
        "type": "Transitive",
        "resolved": "2.23.0",
        "contentHash": "nWArUZTdU7iqZLycLKWe0TDms48KKGE6pONH2terYNa8REXiqixrMOkf1sk5DHGMaUTqONU2YkS4SAXBhLStgw=="
      },
      "Microsoft.ApplicationInsights.AspNetCore": {
        "type": "Transitive",
        "resolved": "2.23.0",
        "contentHash": "we/RsIn0Mwf/4ZNGXZixJ0lVD3pqjx2yVeKfqJybgYY/Lib8nnf+8YGJp+ULN3kOk39I0pI/7ZnF9LFy6hS3lw==",
        "dependencies": {
          "Microsoft.ApplicationInsights": "2.23.0",
          "Microsoft.ApplicationInsights.DependencyCollector": "2.23.0",
          "Microsoft.ApplicationInsights.EventCounterCollector": "2.23.0",
          "Microsoft.ApplicationInsights.PerfCounterCollector": "2.23.0",
          "Microsoft.ApplicationInsights.WindowsServer": "2.23.0",
          "Microsoft.ApplicationInsights.WindowsServer.TelemetryChannel": "2.23.0",
          "Microsoft.AspNetCore.Hosting": "2.1.1",
          "Microsoft.AspNetCore.Http": "2.1.22",
          "Microsoft.Extensions.Configuration.Json": "3.1.0",
          "Microsoft.Extensions.Logging.ApplicationInsights": "2.23.0"
        }
      },
      "Microsoft.ApplicationInsights.DependencyCollector": {
        "type": "Transitive",
        "resolved": "2.23.0",
        "contentHash": "9YRdl9SNbTxd4AafJckyoJLr5gJdnvqFivjo+PY0lQTPEncPB+z3ZABG4iDfxN9HI1aLqyRINr1/7de9Wg8ZuQ==",
        "dependencies": {
          "Microsoft.ApplicationInsights": "2.23.0"
        }
      },
      "Microsoft.ApplicationInsights.EventCounterCollector": {
        "type": "Transitive",
        "resolved": "2.23.0",
        "contentHash": "gGt0JPw2dcSeIAIefyORJBdeMz8KgAFIktu8HV/NwkiGmLyw+YtifLm6B5gvGxO15AeMsGPbmvWEIvLfq88XPw==",
        "dependencies": {
          "Microsoft.ApplicationInsights": "2.23.0"
        }
      },
      "Microsoft.ApplicationInsights.PerfCounterCollector": {
        "type": "Transitive",
        "resolved": "2.23.0",
        "contentHash": "q9ApjZfBS9O8m3aQM2oVjsGBmlE8BCFywT7UR+8aqdNuz7HpoIxw4jHy0XOBergiFX/olrJF4OyPkGxc3H5JHg==",
        "dependencies": {
          "Microsoft.ApplicationInsights": "2.23.0",
          "Microsoft.Extensions.Caching.Memory": "1.0.0",
          "System.Diagnostics.PerformanceCounter": "6.0.0"
        }
      },
      "Microsoft.ApplicationInsights.WindowsServer": {
        "type": "Transitive",
        "resolved": "2.23.0",
        "contentHash": "2B8CGfnB/tribkQAqRBhMvJYJK5TkEPMG/BB0QrlxdwVGEufayNLMveXjkQCqld9arXd6wKR1ve2XmkA0+xXKQ==",
        "dependencies": {
          "Microsoft.ApplicationInsights": "2.23.0",
          "Microsoft.ApplicationInsights.DependencyCollector": "2.23.0",
          "Microsoft.ApplicationInsights.PerfCounterCollector": "2.23.0",
          "Microsoft.ApplicationInsights.WindowsServer.TelemetryChannel": "2.23.0"
        }
      },
      "Microsoft.ApplicationInsights.WindowsServer.TelemetryChannel": {
        "type": "Transitive",
        "resolved": "2.23.0",
        "contentHash": "798Dudr4tkujslk1w+XcXOcCErmVsk+nhp+QCHLa3lcgi25vkAxBmzPUeQlRJVCNL/1f4x/YF+vQZ8RSuTXWCw==",
        "dependencies": {
          "Microsoft.ApplicationInsights": "2.23.0",
          "System.IO.FileSystem.AccessControl": "4.7.0"
        }
      },
      "Microsoft.AspNetCore.Authentication.JwtBearer": {
        "type": "Transitive",
        "resolved": "10.0.0",
        "contentHash": "0BgDfT1GoZnzjJOBwx5vFMK5JtqsTEas9pCEwd1/KKxNUAqFmreN60WeUoF+CsmSd9tOQuqWedvdBo/QqHuNTQ==",
        "dependencies": {
          "Microsoft.IdentityModel.Protocols.OpenIdConnect": "8.0.1"
        }
      },
      "Microsoft.AspNetCore.Hosting": {
        "type": "Transitive",
        "resolved": "2.1.1",
        "contentHash": "MqYc0DUxrhAPnb5b4HFspxsoJT+gJlLsliSxIgovf4BsbmpaXQId0/pDiVzLuEbmks2w1/lRfY8w0lQOuK1jQQ==",
        "dependencies": {
          "Microsoft.AspNetCore.Hosting.Abstractions": "2.1.1",
          "Microsoft.AspNetCore.Http": "2.1.1",
          "Microsoft.AspNetCore.Http.Extensions": "2.1.1",
          "Microsoft.Extensions.Configuration": "2.1.1",
          "Microsoft.Extensions.Configuration.EnvironmentVariables": "2.1.1",
          "Microsoft.Extensions.Configuration.FileExtensions": "2.1.1",
          "Microsoft.Extensions.DependencyInjection": "2.1.1",
          "Microsoft.Extensions.FileProviders.Physical": "2.1.1",
          "Microsoft.Extensions.Hosting.Abstractions": "2.1.1",
          "Microsoft.Extensions.Logging": "2.1.1",
          "Microsoft.Extensions.Options": "2.1.1"
        }
      },
      "Microsoft.AspNetCore.Hosting.Abstractions": {
        "type": "Transitive",
        "resolved": "2.1.1",
        "contentHash": "76cKcp2pWhvdV2TXTqMg/DyW7N6cDzTEhtL8vVWFShQN+Ylwv3eO/vUQr2BS3Hz4IZHEpL+FOo2T+MtymHDqDQ==",
        "dependencies": {
          "Microsoft.AspNetCore.Hosting.Server.Abstractions": "2.1.1",
          "Microsoft.AspNetCore.Http.Abstractions": "2.1.1",
          "Microsoft.Extensions.Hosting.Abstractions": "2.1.1"
        }
      },
      "Microsoft.AspNetCore.Hosting.Server.Abstractions": {
        "type": "Transitive",
        "resolved": "2.1.1",
        "contentHash": "+vD7HJYzAXNq17t+NgRkpS38cxuAyOBu8ixruOiA3nWsybozolUdALWiZ5QFtGRzajSLPFA2YsbO3NPcqoUwcw==",
        "dependencies": {
          "Microsoft.AspNetCore.Http.Features": "2.1.1",
          "Microsoft.Extensions.Configuration.Abstractions": "2.1.1"
        }
      },
      "Microsoft.AspNetCore.Http": {
        "type": "Transitive",
        "resolved": "2.1.22",
        "contentHash": "+Blk++1JWqghbl8+3azQmKhiNZA5wAepL9dY2I6KVmu2Ri07MAcvAVC888qUvO7yd7xgRgZOMfihezKg14O/2A==",
        "dependencies": {
          "Microsoft.AspNetCore.Http.Abstractions": "2.1.1",
          "Microsoft.AspNetCore.WebUtilities": "2.1.1",
          "Microsoft.Extensions.ObjectPool": "2.1.1",
          "Microsoft.Extensions.Options": "2.1.1",
          "Microsoft.Net.Http.Headers": "2.1.1"
        }
      },
      "Microsoft.AspNetCore.Http.Abstractions": {
        "type": "Transitive",
        "resolved": "2.1.1",
        "contentHash": "kQUEVOU4loc8CPSb2WoHFTESqwIa8Ik7ysCBfTwzHAd0moWovc9JQLmhDIHlYLjHbyexqZAlkq/FPRUZqokebw==",
        "dependencies": {
          "Microsoft.AspNetCore.Http.Features": "2.1.1"
        }
      },
      "Microsoft.AspNetCore.Http.Extensions": {
        "type": "Transitive",
        "resolved": "2.1.1",
        "contentHash": "ncAgV+cqsWSqjLXFUTyObGh4Tr7ShYYs3uW8Q/YpRwZn7eLV7dux5Z6GLY+rsdzmIHiia3Q2NWbLULQi7aziHw==",
        "dependencies": {
          "Microsoft.AspNetCore.Http.Abstractions": "2.1.1",
          "Microsoft.Extensions.FileProviders.Abstractions": "2.1.1",
          "Microsoft.Net.Http.Headers": "2.1.1"
        }
      },
      "Microsoft.AspNetCore.Http.Features": {
        "type": "Transitive",
        "resolved": "2.1.1",
        "contentHash": "VklZ7hWgSvHBcDtwYYkdMdI/adlf7ebxTZ9kdzAhX+gUs5jSHE9mZlTamdgf9miSsxc1QjNazHXTDJdVPZKKTw==",
        "dependencies": {
          "Microsoft.Extensions.Primitives": "2.1.1"
        }
      },
      "Microsoft.AspNetCore.WebUtilities": {
        "type": "Transitive",
        "resolved": "2.1.1",
        "contentHash": "PGKIZt4+412Z/XPoSjvYu/QIbTxcAQuEFNoA1Pw8a9mgmO0ZhNBmfaNyhgXFf7Rq62kP0tT/2WXpxdcQhkFUPA==",
        "dependencies": {
          "Microsoft.Net.Http.Headers": "2.1.1"
        }
      },
      "Microsoft.Azure.Amqp": {
        "type": "Transitive",
        "resolved": "2.7.0",
        "contentHash": "gm/AEakujttMzrDhZ5QpRz3fICVkYDn/oDG9SmxDP+J7R8JDBXYU9WWG7hr6wQy40mY+wjUF0yUGXDPRDRNJwQ=="
      },
      "Microsoft.Bcl.AsyncInterfaces": {
        "type": "Transitive",
        "resolved": "8.0.0",
        "contentHash": "3WA9q9yVqJp222P3x1wYIGDAkpjAku0TMUaaQV22g6L67AI0LdOIrVS7Ht2vJfLHGSPVuqN94vIr15qn+HEkHw=="
      },
      "Microsoft.CodeCoverage": {
        "type": "Transitive",
        "resolved": "17.14.1",
        "contentHash": "pmTrhfFIoplzFVbhVwUquT+77CbGH+h4/3mBpdmIlYtBi9nAB+kKI6dN3A/nV4DFi3wLLx/BlHIPK+MkbQ6Tpg=="
      },
      "Microsoft.EntityFrameworkCore": {
        "type": "Transitive",
        "resolved": "10.0.0",
        "contentHash": "hHa2amRjMyBLUH/KTML6FgIAhZ0VFYkhCKwWEax0rO6iNeM1P5MflyeQLE5dniSIOZHc3Oqyv5UIyTFO4e1Auw==",
        "dependencies": {
          "Microsoft.EntityFrameworkCore.Abstractions": "10.0.0",
          "Microsoft.EntityFrameworkCore.Analyzers": "10.0.0",
          "Microsoft.Extensions.Caching.Memory": "10.0.0",
          "Microsoft.Extensions.Logging": "10.0.0"
        }
      },
      "Microsoft.EntityFrameworkCore.Abstractions": {
        "type": "Transitive",
        "resolved": "10.0.0",
        "contentHash": "C+TT9k7f1GQ8agOfV512K9iwrzi76RXVSDiLx+iWC9pz3QhEpSF1Dyk+FpVvd8ULQ+rqymfM8KQ7g48ttQVyMg=="
      },
      "Microsoft.EntityFrameworkCore.Analyzers": {
        "type": "Transitive",
        "resolved": "10.0.0",
        "contentHash": "TxHQq0kn0tpYs2ljeRl8jtmWk720B0nteqI6mAZM77HWJpYT9Zj8SkkBBlj8K3Yeq18a6NBjz6YutE+shEk4Ag=="
      },
      "Microsoft.Extensions.ApiDescription.Server": {
        "type": "Transitive",
        "resolved": "6.0.5",
        "contentHash": "Ckb5EDBUNJdFWyajfXzUIMRkhf52fHZOQuuZg/oiu8y7zDCVwD0iHhew6MnThjHmevanpxL3f5ci2TtHQEN6bw=="
      },
      "Microsoft.Extensions.Azure": {
        "type": "Transitive",
        "resolved": "1.10.0",
        "contentHash": "hKYPTmD2NS/DVxS1vSqO24cAjBO3yFioAiXAzs/9UDjHVJZc2CEowtpPMtNMvhoXknFTyu3nlGTpFlj/ofDUtg==",
        "dependencies": {
          "Azure.Core": "1.44.1",
          "Azure.Identity": "1.13.1",
          "Microsoft.Bcl.AsyncInterfaces": "8.0.0",
          "Microsoft.Extensions.Configuration.Abstractions": "2.1.0",
          "Microsoft.Extensions.Configuration.Binder": "2.1.0",
          "Microsoft.Extensions.DependencyInjection.Abstractions": "8.0.2",
          "Microsoft.Extensions.Logging.Abstractions": "2.1.0",
          "Microsoft.Extensions.Options": "2.1.0"
        }
      },
      "Microsoft.Extensions.Caching.Abstractions": {
        "type": "Transitive",
        "resolved": "10.0.0",
        "contentHash": "Zcoy6H9mSoGyvr7UvlGokEZrlZkcPCICPZr8mCsSt9U/N8eeCwCXwKF5bShdA66R0obxBCwP4AxomQHvVkC/uA==",
        "dependencies": {
          "Microsoft.Extensions.Primitives": "10.0.0"
        }
      },
      "Microsoft.Extensions.Configuration": {
        "type": "Transitive",
        "resolved": "3.1.0",
        "contentHash": "Lu41BWNmwhKr6LgyQvcYBOge0pPvmiaK8R5UHXX4//wBhonJyWcT2OK1mqYfEM5G7pTf31fPrpIHOT6sN7EGOA==",
        "dependencies": {
          "Microsoft.Extensions.Configuration.Abstractions": "3.1.0"
        }
      },
      "Microsoft.Extensions.Configuration.Abstractions": {
        "type": "Transitive",
        "resolved": "3.1.0",
        "contentHash": "ESz6bVoDQX7sgWdKHF6G9Pq672T8k+19AFb/txDXwdz7MoqaNQj2/in3agm/3qae9V+WvQZH86LLTNVo0it8vQ==",
        "dependencies": {
          "Microsoft.Extensions.Primitives": "3.1.0"
        }
      },
      "Microsoft.Extensions.Configuration.Binder": {
        "type": "Transitive",
        "resolved": "2.1.0",
        "contentHash": "Fls0O54Ielz1DiVYpcmiUpeizN1iKGGI5yAWAoShfmUvMcQ8jAGOK1a+DaflHA5hN9IOKvmSos0yewDYAIY0ZA==",
        "dependencies": {
          "Microsoft.Extensions.Configuration": "2.1.0"
        }
      },
      "Microsoft.Extensions.Configuration.EnvironmentVariables": {
        "type": "Transitive",
        "resolved": "2.1.1",
        "contentHash": "6xMxFIfKL+7J/jwlk8zV8I61sF3+DRG19iKQxnSfYQU+iMMjGbcWNCHFF/3MHf3o4sTZPZ8D6Io+GwKFc3TIZA==",
        "dependencies": {
          "Microsoft.Extensions.Configuration": "2.1.1"
        }
      },
      "Microsoft.Extensions.Configuration.FileExtensions": {
        "type": "Transitive",
        "resolved": "3.1.0",
        "contentHash": "OjRJIkVxUFiVkr9a39AqVThft9QHoef4But5pDCydJOXJ4D/SkmzuW1tm6J2IXynxj6qfeAz9QTnzQAvOcGvzg==",
        "dependencies": {
          "Microsoft.Extensions.Configuration": "3.1.0",
          "Microsoft.Extensions.FileProviders.Physical": "3.1.0"
        }
      },
      "Microsoft.Extensions.Configuration.Json": {
        "type": "Transitive",
        "resolved": "3.1.0",
        "contentHash": "gBpBE1GoaCf1PKYC7u0Bd4mVZ/eR2bnOvn7u8GBXEy3JGar6sC3UVpVfTB9w+biLPtzcukZynBG9uchSBbLTNQ==",
        "dependencies": {
          "Microsoft.Extensions.Configuration": "3.1.0",
          "Microsoft.Extensions.Configuration.FileExtensions": "3.1.0"
        }
      },
      "Microsoft.Extensions.DependencyInjection": {
        "type": "Transitive",
        "resolved": "10.0.0",
        "contentHash": "f0RBabswJq+gRu5a+hWIobrLWiUYPKMhCD9WO3sYBAdSy3FFH14LMvLVFZc2kPSCimBLxSuitUhsd6tb0TAY6A==",
        "dependencies": {
          "Microsoft.Extensions.DependencyInjection.Abstractions": "10.0.0"
        }
      },
      "Microsoft.Extensions.DependencyInjection.Abstractions": {
        "type": "Transitive",
        "resolved": "10.0.0",
        "contentHash": "L3AdmZ1WOK4XXT5YFPEwyt0ep6l8lGIPs7F5OOBZc77Zqeo01Of7XXICy47628sdVl0v/owxYJTe86DTgFwKCA=="
      },
      "Microsoft.Extensions.DependencyModel": {
        "type": "Transitive",
        "resolved": "3.1.6",
        "contentHash": "/UlDKULIVkLQYn1BaHcy/rc91ApDxJb7T75HcCbGdqwvxhnRQRKM2di1E70iCPMF9zsr6f4EgQTotBGxFIfXmw=="
      },
      "Microsoft.Extensions.FileProviders.Abstractions": {
        "type": "Transitive",
        "resolved": "3.1.0",
        "contentHash": "G3iBMOnn3tETEUvkE9J3a23wQpRkiXZp73zR0XNlicjLFhkeWW1FCaC2bTjrgHhPi2KO6x0BXnHvVuJPIlygBQ==",
        "dependencies": {
          "Microsoft.Extensions.Primitives": "3.1.0"
        }
      },
      "Microsoft.Extensions.FileProviders.Physical": {
        "type": "Transitive",
        "resolved": "3.1.0",
        "contentHash": "KsvgrYp2fhNXoD9gqSu8jPK9Sbvaa7SqNtsLqHugJkCwFmgRvdz76z6Jz2tlFlC7wyMTZxwwtRF8WAorRQWTEA==",
        "dependencies": {
          "Microsoft.Extensions.FileProviders.Abstractions": "3.1.0",
          "Microsoft.Extensions.FileSystemGlobbing": "3.1.0"
        }
      },
      "Microsoft.Extensions.FileSystemGlobbing": {
        "type": "Transitive",
        "resolved": "3.1.0",
        "contentHash": "tK5HZOmVv0kUYkonMjuSsxR0CBk+Rd/69QU3eOMv9FvODGZ2d0SR+7R+n8XIgBcCCoCHJBSsI4GPRaoN3Le4rA=="
      },
      "Microsoft.Extensions.Hosting.Abstractions": {
        "type": "Transitive",
        "resolved": "2.1.1",
        "contentHash": "kVVdHnOFJbcXxgZzrT6nwkrWZTHL+47LT59S9J2Jp0BNO3EQWNEZHUUZMb/kKFV7LtW+bp+EuAOPNUqEcqI++Q==",
        "dependencies": {
          "Microsoft.Extensions.Configuration.Abstractions": "2.1.1",
          "Microsoft.Extensions.DependencyInjection.Abstractions": "2.1.1",
          "Microsoft.Extensions.FileProviders.Abstractions": "2.1.1",
          "Microsoft.Extensions.Logging.Abstractions": "2.1.1"
        }
      },
      "Microsoft.Extensions.Logging": {
        "type": "Transitive",
        "resolved": "10.0.0",
        "contentHash": "BStFkd5CcnEtarlcgYDBcFzGYCuuNMzPs02wN3WBsOFoYIEmYoUdAiU+au6opzoqfTYJsMTW00AeqDdnXH2CvA==",
        "dependencies": {
          "Microsoft.Extensions.DependencyInjection": "10.0.0",
          "Microsoft.Extensions.Logging.Abstractions": "10.0.0",
          "Microsoft.Extensions.Options": "10.0.0"
        }
      },
      "Microsoft.Extensions.Logging.Abstractions": {
        "type": "Transitive",
        "resolved": "10.0.0",
        "contentHash": "FU/IfjDfwaMuKr414SSQNTIti/69bHEMb+QKrskRb26oVqpx3lNFXMjs/RC9ZUuhBhcwDM2BwOgoMw+PZ+beqQ==",
        "dependencies": {
          "Microsoft.Extensions.DependencyInjection.Abstractions": "10.0.0"
        }
      },
      "Microsoft.Extensions.Logging.ApplicationInsights": {
        "type": "Transitive",
        "resolved": "2.23.0",
        "contentHash": "JLEabPz445i1yRB0hKZVzJJE35QatRIzWlrMOiBQXr9kBJod0jkpkrBf94ln6kXu+jlEGohnXtuXacPPhybJDw==",
        "dependencies": {
          "Microsoft.ApplicationInsights": "2.23.0",
          "Microsoft.Extensions.Logging": "2.1.1"
        }
      },
      "Microsoft.Extensions.ObjectPool": {
        "type": "Transitive",
        "resolved": "2.1.1",
        "contentHash": "SErON45qh4ogDp6lr6UvVmFYW0FERihW+IQ+2JyFv1PUyWktcJytFaWH5zarufJvZwhci7Rf1IyGXr9pVEadTw=="
      },
      "Microsoft.Extensions.Options": {
        "type": "Transitive",
        "resolved": "10.0.0",
        "contentHash": "8oCAgXOow5XDrY9HaXX1QmH3ORsyZO/ANVHBlhLyCeWTH5Sg4UuqZeOTWJi6484M+LqSx0RqQXDJtdYy2BNiLQ==",
        "dependencies": {
          "Microsoft.Extensions.DependencyInjection.Abstractions": "10.0.0",
          "Microsoft.Extensions.Primitives": "10.0.0"
        }
      },
      "Microsoft.Extensions.Primitives": {
        "type": "Transitive",
        "resolved": "10.0.0",
        "contentHash": "inRnbpCS0nwO/RuoZIAqxQUuyjaknOOnCEZB55KSMMjRhl0RQDttSmLSGsUJN3RQ3ocf5NDLFd2mOQViHqMK5w=="
      },
      "Microsoft.Identity.Client": {
        "type": "Transitive",
        "resolved": "4.66.1",
        "contentHash": "mE+m3pZ7zSKocSubKXxwZcUrCzLflC86IdLxrVjS8tialy0b1L+aECBqRBC/ykcPlB4y7skg49TaTiA+O2UfDw==",
        "dependencies": {
          "Microsoft.IdentityModel.Abstractions": "6.35.0"
        }
      },
      "Microsoft.Identity.Client.Extensions.Msal": {
        "type": "Transitive",
        "resolved": "4.66.1",
        "contentHash": "osgt1J9Rve3LO7wXqpWoFx9UFjl0oeqoUMK/xEru7dvafQ28RgV1A17CoCGCCRSUbgDQ4Arg5FgGK2lQ3lXR4A==",
        "dependencies": {
          "Microsoft.Identity.Client": "4.66.1",
          "System.Security.Cryptography.ProtectedData": "4.5.0"
        }
      },
      "Microsoft.IdentityModel.Abstractions": {
        "type": "Transitive",
        "resolved": "8.0.1",
        "contentHash": "OtlIWcyX01olfdevPKZdIPfBEvbcioDyBiE/Z2lHsopsMD7twcKtlN9kMevHmI5IIPhFpfwCIiR6qHQz1WHUIw=="
      },
      "Microsoft.IdentityModel.JsonWebTokens": {
        "type": "Transitive",
        "resolved": "8.0.1",
        "contentHash": "s6++gF9x0rQApQzOBbSyp4jUaAlwm+DroKfL8gdOHxs83k8SJfUXhuc46rDB3rNXBQ1MVRxqKUrqFhO/M0E97g==",
        "dependencies": {
          "Microsoft.IdentityModel.Tokens": "8.0.1"
        }
      },
      "Microsoft.IdentityModel.Logging": {
        "type": "Transitive",
        "resolved": "8.0.1",
        "contentHash": "UCPF2exZqBXe7v/6sGNiM6zCQOUXXQ9+v5VTb9gPB8ZSUPnX53BxlN78v2jsbIvK9Dq4GovQxo23x8JgWvm/Qg==",
        "dependencies": {
          "Microsoft.IdentityModel.Abstractions": "8.0.1"
        }
      },
      "Microsoft.IdentityModel.Protocols": {
        "type": "Transitive",
        "resolved": "8.0.1",
        "contentHash": "uA2vpKqU3I2mBBEaeJAWPTjT9v1TZrGWKdgK6G5qJd03CLx83kdiqO9cmiK8/n1erkHzFBwU/RphP83aAe3i3g==",
        "dependencies": {
          "Microsoft.IdentityModel.Tokens": "8.0.1"
        }
      },
      "Microsoft.IdentityModel.Protocols.OpenIdConnect": {
        "type": "Transitive",
        "resolved": "8.0.1",
        "contentHash": "AQDbfpL+yzuuGhO/mQhKNsp44pm5Jv8/BI4KiFXR7beVGZoSH35zMV3PrmcfvSTsyI6qrcR898NzUauD6SRigg==",
        "dependencies": {
          "Microsoft.IdentityModel.Protocols": "8.0.1",
          "System.IdentityModel.Tokens.Jwt": "8.0.1"
        }
      },
      "Microsoft.IdentityModel.Tokens": {
        "type": "Transitive",
        "resolved": "8.0.1",
        "contentHash": "kDimB6Dkd3nkW2oZPDkMkVHfQt3IDqO5gL0oa8WVy3OP4uE8Ij+8TXnqg9TOd9ufjsY3IDiGz7pCUbnfL18tjg==",
        "dependencies": {
          "Microsoft.IdentityModel.Logging": "8.0.1"
        }
      },
      "Microsoft.Net.Http.Headers": {
        "type": "Transitive",
        "resolved": "2.1.1",
        "contentHash": "lPNIphl8b2EuhOE9dMH6EZDmu7pS882O+HMi5BJNsigxHaWlBrYxZHFZgE18cyaPp6SSZcTkKkuzfjV/RRQKlA==",
        "dependencies": {
          "Microsoft.Extensions.Primitives": "2.1.1"
        }
      },
      "Microsoft.OpenApi": {
        "type": "Transitive",
        "resolved": "1.6.14",
        "contentHash": "tTaBT8qjk3xINfESyOPE2rIellPvB7qpVqiWiyA/lACVvz+xOGiXhFUfohcx82NLbi5avzLW0lx+s6oAqQijfw=="
      },
      "Microsoft.Testing.Extensions.Telemetry": {
        "type": "Transitive",
        "resolved": "1.8.4",
        "contentHash": "NbwjZtoXLcmPH/qtCSU3x+jQ4xBw+Ia8FVA9m4Tlvk1qtk/4LYUN7hZyA2/xVPgSPerYJoYqLy1mDG+DWfR2Ew==",
        "dependencies": {
          "Microsoft.ApplicationInsights": "2.23.0",
          "Microsoft.Testing.Platform": "1.8.4"
        }
      },
      "Microsoft.Testing.Extensions.TrxReport.Abstractions": {
        "type": "Transitive",
        "resolved": "1.8.4",
        "contentHash": "jDGV5d9K5zeQG6I5ZHZrrXd0sO9up/XLpb5qI5W+FPGJx5JXx5yEiwkw0MIEykH9ydeMASPOmjbY/7jS++gYwA==",
        "dependencies": {
          "Microsoft.Testing.Platform": "1.8.4"
        }
      },
      "Microsoft.Testing.Extensions.VSTestBridge": {
        "type": "Transitive",
        "resolved": "1.8.4",
        "contentHash": "t4ZgIrdURpF96XTyw3HLSwlYb22x/tpxcCMipcIYFV6QgCtmPQrVNVrPLNazNkJF8egXqumtC2hnDca+0KdRQQ==",
        "dependencies": {
          "Microsoft.TestPlatform.AdapterUtilities": "17.13.0",
          "Microsoft.TestPlatform.ObjectModel": "17.13.0",
          "Microsoft.Testing.Extensions.Telemetry": "1.8.4",
          "Microsoft.Testing.Extensions.TrxReport.Abstractions": "1.8.4",
          "Microsoft.Testing.Platform": "1.8.4"
        }
      },
      "Microsoft.Testing.Platform": {
        "type": "Transitive",
        "resolved": "1.8.4",
        "contentHash": "MpYE6A13G9zLZjkDmy2Fm/R0MRkjBR75P0F8B1yLaUshaATixPlk2S2OE6u/rlqtqMkbEyM7F6wxc332gZpBpA=="
      },
      "Microsoft.Testing.Platform.MSBuild": {
        "type": "Transitive",
        "resolved": "1.8.4",
        "contentHash": "RnS7G0eXAopdIf/XPGFNW8HUwZxRq5iGX34rVYhyDUbLS7sF513yosd4P50GtjBKqOay4qb+WHYr4NkWjtUWzQ==",
        "dependencies": {
          "Microsoft.Testing.Platform": "1.8.4"
        }
      },
      "Microsoft.TestPlatform.AdapterUtilities": {
        "type": "Transitive",
        "resolved": "17.13.0",
        "contentHash": "bFZ3uAhosdXjyXKURDQy37fPosCJQwedB5DG/SzsXL1QXsrfsIYty2kQMqCRRUqm8sBZBRHWRp4BT9SmpWXcKQ=="
      },
      "Microsoft.TestPlatform.ObjectModel": {
        "type": "Transitive",
        "resolved": "17.14.1",
        "contentHash": "xTP1W6Mi6SWmuxd3a+jj9G9UoC850WGwZUps1Wah9r1ZxgXhdJfj1QqDLJkFjHDCvN42qDL2Ps5KjQYWUU0zcQ=="
      },
      "Microsoft.TestPlatform.TestHost": {
        "type": "Transitive",
        "resolved": "17.14.1",
        "contentHash": "d78LPzGKkJwsJXAQwsbJJ7LE7D1wB+rAyhHHAaODF+RDSQ0NgMjDFkSA1Djw18VrxO76GlKAjRUhl+H8NL8Z+Q==",
        "dependencies": {
          "Microsoft.TestPlatform.ObjectModel": "17.14.1",
          "Newtonsoft.Json": "13.0.3"
        }
      },
      "Microsoft.Win32.SystemEvents": {
        "type": "Transitive",
        "resolved": "6.0.0",
        "contentHash": "hqTM5628jSsQiv+HGpiq3WKBl2c8v1KZfby2J6Pr7pEPlK9waPdgEO6b8A/+/xn/yZ9ulv8HuqK71ONy2tg67A=="
      },
      "MSTest.Analyzers": {
        "type": "Transitive",
        "resolved": "3.10.4",
        "contentHash": "a3IHTsbd+iS0pZUI7KC6nCCQgTOhjPyqDwPOtKLGCwjRifQ9N4K40qTqCaQlPOxwKaIxVwDLRYFvdY9NTDVi0w=="
      },
      "Newtonsoft.Json": {
        "type": "Transitive",
        "resolved": "13.0.3",
        "contentHash": "HrC5BXdl00IP9zeV+0Z848QWPAoCr9P3bDEZguI+gkLcBKAOxix/tLEAAHC+UvDNPv4a2d18lOReHMOagPa+zQ=="
      },
      "Scrutor": {
        "type": "Transitive",
        "resolved": "3.3.0",
        "contentHash": "BwqCnFzp2/Z+pq17iztxlIkR/ZANyPRR4PdE57WL1w/JW4AM/2imoxBWTL3+G+YXA46ce4s9OUgwWqTXYrtI8A==",
        "dependencies": {
          "Microsoft.Extensions.DependencyInjection.Abstractions": "3.1.9",
          "Microsoft.Extensions.DependencyModel": "3.1.6"
        }
      },
      "StyleCop.Analyzers.Unstable": {
        "type": "Transitive",
        "resolved": "1.2.0.435",
        "contentHash": "ouwPWZxbOV3SmCZxIRqHvljkSzkCyi1tDoMzQtDb/bRP8ctASV/iRJr+A2Gdj0QLaLmWnqTWDrH82/iP+X80Lg=="
      },
      "Swashbuckle.AspNetCore": {
        "type": "Transitive",
        "resolved": "6.6.2",
        "contentHash": "+NB4UYVYN6AhDSjW0IJAd1AGD8V33gemFNLPaxKTtPkHB+HaKAKf9MGAEUPivEWvqeQfcKIw8lJaHq6LHljRuw==",
        "dependencies": {
          "Microsoft.Extensions.ApiDescription.Server": "6.0.5",
          "Swashbuckle.AspNetCore.Swagger": "6.6.2",
          "Swashbuckle.AspNetCore.SwaggerGen": "6.6.2",
          "Swashbuckle.AspNetCore.SwaggerUI": "6.6.2"
        }
      },
      "Swashbuckle.AspNetCore.Annotations": {
        "type": "Transitive",
        "resolved": "6.6.2",
        "contentHash": "itEYQwWam7FT/8qUEMmC+BDt38J4w52NDod9yUeWpIKA7pM1xo+FbGSjXR6Q9oLOTT1PiJ+zYVf5Ij6pVX99tw==",
        "dependencies": {
          "Swashbuckle.AspNetCore.SwaggerGen": "6.6.2"
        }
      },
      "Swashbuckle.AspNetCore.Filters": {
        "type": "Transitive",
        "resolved": "8.0.2",
        "contentHash": "S4pR+265NwY9saAhK+3Jn2oL2Wfy0qvy9871b0KiEPW/iLPRgg2HrkrdMwC1wpjNkRXWGDFRRj+LkUD4lyuAaQ==",
        "dependencies": {
          "Microsoft.Extensions.DependencyInjection": "2.1.0",
          "Microsoft.OpenApi": "1.3.1",
          "Scrutor": "3.3.0",
          "Swashbuckle.AspNetCore.Filters.Abstractions": "8.0.2",
          "Swashbuckle.AspNetCore.SwaggerGen": "5.0.0"
        }
      },
      "Swashbuckle.AspNetCore.Filters.Abstractions": {
        "type": "Transitive",
        "resolved": "8.0.2",
        "contentHash": "RgQ1RbxmofrkBSrLkA/34DWwzz4rKHRwC4vHOvevru2CNqymUPn3kRhbIX29g4yvj2sCff1glf19djnyM9kuUQ=="
      },
      "Swashbuckle.AspNetCore.Swagger": {
        "type": "Transitive",
        "resolved": "6.6.2",
        "contentHash": "ovgPTSYX83UrQUWiS5vzDcJ8TEX1MAxBgDFMK45rC24MorHEPQlZAHlaXj/yth4Zf6xcktpUgTEBvffRQVwDKA==",
        "dependencies": {
          "Microsoft.OpenApi": "1.6.14"
        }
      },
      "Swashbuckle.AspNetCore.SwaggerGen": {
        "type": "Transitive",
        "resolved": "6.6.2",
        "contentHash": "zv4ikn4AT1VYuOsDCpktLq4QDq08e7Utzbir86M5/ZkRaLXbCPF11E1/vTmOiDzRTl0zTZINQU2qLKwTcHgfrA==",
        "dependencies": {
          "Swashbuckle.AspNetCore.Swagger": "6.6.2"
        }
      },
      "Swashbuckle.AspNetCore.SwaggerUI": {
        "type": "Transitive",
        "resolved": "6.6.2",
        "contentHash": "mBBb+/8Hm2Q3Wygag+hu2jj69tZW5psuv0vMRXY07Wy+Rrj40vRP8ZTbKBhs91r45/HXT4aY4z0iSBYx1h6JvA=="
      },
      "System.ClientModel": {
        "type": "Transitive",
        "resolved": "1.4.2",
        "contentHash": "goGitN7trB9hoQ01dIpxaSYcruI+lGt/xq471AUv8irFvsIX+4HCqk1pDT/4ZPTLmU6ZUuNzhCb4MJAIwG7+Uw==",
        "dependencies": {
          "Microsoft.Extensions.Logging.Abstractions": "8.0.3",
          "System.Memory.Data": "6.0.1"
        }
      },
      "System.Configuration.ConfigurationManager": {
        "type": "Transitive",
        "resolved": "6.0.0",
        "contentHash": "7T+m0kDSlIPTHIkPMIu6m6tV6qsMqJpvQWW2jIc2qi7sn40qxFo0q+7mEQAhMPXZHMKnWrnv47ntGlM/ejvw3g==",
        "dependencies": {
          "System.Security.Cryptography.ProtectedData": "6.0.0",
          "System.Security.Permissions": "6.0.0"
        }
      },
      "System.Diagnostics.EventLog": {
        "type": "Transitive",
        "resolved": "6.0.0",
        "contentHash": "lcyUiXTsETK2ALsZrX+nWuHSIQeazhqPphLfaRxzdGaG93+0kELqpgEHtwWOlQe7+jSFnKwaCAgL4kjeZCQJnw=="
      },
      "System.Diagnostics.PerformanceCounter": {
        "type": "Transitive",
        "resolved": "6.0.0",
        "contentHash": "gbeE5tNp/oB7O8kTTLh3wPPJCxpNOphXPTWVs1BsYuFOYapFijWuh0LYw1qnDo4gwDUYPXOmpTIhvtxisGsYOQ==",
        "dependencies": {
          "System.Configuration.ConfigurationManager": "6.0.0"
        }
      },
      "System.Drawing.Common": {
        "type": "Transitive",
        "resolved": "6.0.0",
        "contentHash": "NfuoKUiP2nUWwKZN6twGqXioIe1zVD0RIj2t976A+czLHr2nY454RwwXs6JU9Htc6mwqL6Dn/nEL3dpVf2jOhg==",
        "dependencies": {
          "Microsoft.Win32.SystemEvents": "6.0.0"
        }
      },
      "System.IdentityModel.Tokens.Jwt": {
        "type": "Transitive",
        "resolved": "8.0.1",
        "contentHash": "GJw3bYkWpOgvN3tJo5X4lYUeIFA2HD293FPUhKmp7qxS+g5ywAb34Dnd3cDAFLkcMohy5XTpoaZ4uAHuw0uSPQ==",
        "dependencies": {
          "Microsoft.IdentityModel.JsonWebTokens": "8.0.1",
          "Microsoft.IdentityModel.Tokens": "8.0.1"
        }
      },
      "System.IO.FileSystem.AccessControl": {
        "type": "Transitive",
        "resolved": "4.7.0",
        "contentHash": "vMToiarpU81LR1/KZtnT7VDPvqAZfw9oOS5nY6pPP78nGYz3COLsQH3OfzbR+SjTgltd31R6KmKklz/zDpTmzw=="
      },
      "System.Memory.Data": {
        "type": "Transitive",
        "resolved": "6.0.1",
        "contentHash": "yliDgLh9S9Mcy5hBIdZmX6yphYIW3NH+3HN1kV1m7V1e0s7LNTw/tHNjJP4U9nSMEgl3w1TzYv/KA1Tg9NYy6w=="
      },
      "System.Security.Cryptography.ProtectedData": {
        "type": "Transitive",
        "resolved": "6.0.0",
        "contentHash": "rp1gMNEZpvx9vP0JW0oHLxlf8oSiQgtno77Y4PLUBjSiDYoD77Y8uXHr1Ea5XG4/pIKhqAdxZ8v8OTUtqo9PeQ=="
      },
      "System.Security.Permissions": {
        "type": "Transitive",
        "resolved": "6.0.0",
        "contentHash": "T/uuc7AklkDoxmcJ7LGkyX1CcSviZuLCa4jg3PekfJ7SU0niF0IVTXwUiNVP9DSpzou2PpxJ+eNY2IfDM90ZCg==",
        "dependencies": {
          "System.Windows.Extensions": "6.0.0"
        }
      },
      "System.Windows.Extensions": {
        "type": "Transitive",
        "resolved": "6.0.0",
        "contentHash": "IXoJOXIqc39AIe+CIR7koBtRGMiCt/LPM3lI+PELtDIy9XdyeSrwXFdWV9dzJ2Awl0paLWUaknLxFQ5HpHZUog==",
        "dependencies": {
          "System.Drawing.Common": "6.0.0"
        }
      },
      "loggingmicroservice.api": {
        "type": "Project",
        "dependencies": {
          "Asp.Versioning.Mvc": "[8.1.0, )",
          "Azure.Messaging.ServiceBus": "[7.20.1, )",
          "Azurite": "[2.6.5, )",
          "Microsoft.ApplicationInsights.AspNetCore": "[2.23.0, )",
          "Microsoft.AspNetCore.Authentication.JwtBearer": "[10.0.0, )",
          "Microsoft.EntityFrameworkCore": "[10.0.0, )",
          "Microsoft.Extensions.Azure": "[1.10.0, )",
          "Swashbuckle.AspNetCore": "[6.6.2, )",
          "Swashbuckle.AspNetCore.Annotations": "[6.6.2, )",
          "Swashbuckle.AspNetCore.Filters": "[8.0.2, )"
        }
      }
    }
  }
}